
Microsoft Visual Studio Solution File, Format Version 12.00
# Visual Studio 15
VisualStudioVersion = 15.0.27130.2036
MinimumVisualStudioVersion = 10.0.40219.1
Project("{FAE04EC0-301F-11D3-BF4B-00C04F79EFBC}") = "CuelloUterino", "CuelloUterino\CuelloUterino.csproj", "{A4114B88-EC64-4591-9BC7-228477E4206F}"
EndProject
Global
	GlobalSection(SolutionConfigurationPlatforms) = preSolution
		Debug|Any CPU = Debug|Any CPU
		Release|Any CPU = Release|Any CPU
	EndGlobalSection
	GlobalSection(ProjectConfigurationPlatforms) = postSolution
		{A4114B88-EC64-4591-9BC7-228477E4206F}.Debug|Any CPU.ActiveCfg = Debug|Any CPU
		{A4114B88-EC64-4591-9BC7-228477E4206F}.Debug|Any CPU.Build.0 = Debug|Any CPU
		{A4114B88-EC64-4591-9BC7-228477E4206F}.Release|Any CPU.ActiveCfg = Release|Any CPU
		{A4114B88-EC64-4591-9BC7-228477E4206F}.Release|Any CPU.Build.0 = Release|Any CPU
	EndGlobalSection
	GlobalSection(SolutionProperties) = preSolution
		HideSolutionNode = FALSE
	EndGlobalSection
	GlobalSection(ExtensibilityGlobals) = postSolution
		SolutionGuid = {FAC55548-58D5-4165-99A5-0E128F4C8D3C}
	EndGlobalSection
EndGlobal
